
Microsoft Visual Studio Solution File, Format Version 12.00
# Visual Studio Version 16
VisualStudioVersion = 16.0.28803.352
MinimumVisualStudioVersion = 10.0.40219.1
Project("{FAE04EC0-301F-11D3-BF4B-00C04F79EFBC}") = "SimpleCS", "SimpleCS\SimpleCS.csproj", "{A7F8FF4E-6A40-4861-B176-347B96BD9315}"
EndProject
Global
	GlobalSection(SolutionConfigurationPlatforms) = preSolution
		Debug|Any CPU = Debug|Any CPU
		Release|Any CPU = Release|Any CPU
	EndGlobalSection
	GlobalSection(ProjectConfigurationPlatforms) = postSolution
		{A7F8FF4E-6A40-4861-B176-347B96BD9315}.Debug|Any CPU.ActiveCfg = Debug|Any CPU
		{A7F8FF4E-6A40-4861-B176-347B96BD9315}.Debug|Any CPU.Build.0 = Debug|Any CPU
		{A7F8FF4E-6A40-4861-B176-347B96BD9315}.Release|Any CPU.ActiveCfg = Release|Any CPU
		{A7F8FF4E-6A40-4861-B176-347B96BD9315}.Release|Any CPU.Build.0 = Release|Any CPU
	EndGlobalSection
	GlobalSection(SolutionProperties) = preSolution
		HideSolutionNode = FALSE
	EndGlobalSection
	GlobalSection(ExtensibilityGlobals) = postSolution
		SolutionGuid = {50F98DB8-074B-40DA-A138-7DC5E6E2195D}
	EndGlobalSection
EndGlobal
